
Microsoft Visual Studio Solution File, Format Version 12.00
# Visual Studio 15
VisualStudioVersion = 15.0.26430.16
MinimumVisualStudioVersion = 10.0.40219.1
Project("{FAE04EC0-301F-11D3-BF4B-00C04F79EFBC}") = "MonkeyApp.Android", "MonkeyApp\MonkeyApp.Android\MonkeyApp.Android.csproj", "{A20E3C7E-D4C7-4343-8584-5FA165649571}"
EndProject
Project("{FAE04EC0-301F-11D3-BF4B-00C04F79EFBC}") = "MonkeyApp", "MonkeyApp\MonkeyApp\MonkeyApp.csproj", "{FDF487DF-137E-4FFA-8141-D785AEC8AD33}"
EndProject
Project("{FAE04EC0-301F-11D3-BF4B-00C04F79EFBC}") = "MonkeyApp.UWP", "MonkeyApp\MonkeyApp.UWP\MonkeyApp.UWP.csproj", "{17B5928A-8100-40EE-81A9-00D42BF51DA9}"
EndProject
Project("{FAE04EC0-301F-11D3-BF4B-00C04F79EFBC}") = "MonkeyApp.iOS", "MonkeyApp\MonkeyApp.iOS\MonkeyApp.iOS.csproj", "{1E6B911F-2D4F-4701-9C02-CDEF36B07260}"
EndProject
Global
	GlobalSection(SolutionConfigurationPlatforms) = preSolution
		Ad-Hoc|Any CPU = Ad-Hoc|Any CPU
		Ad-Hoc|ARM = Ad-Hoc|ARM
		Ad-Hoc|iPhone = Ad-Hoc|iPhone
		Ad-Hoc|iPhoneSimulator = Ad-Hoc|iPhoneSimulator
		Ad-Hoc|x64 = Ad-Hoc|x64
		Ad-Hoc|x86 = Ad-Hoc|x86
		AppStore|Any CPU = AppStore|Any CPU
		AppStore|ARM = AppStore|ARM
		AppStore|iPhone = AppStore|iPhone
		AppStore|iPhoneSimulator = AppStore|iPhoneSimulator
		AppStore|x64 = AppStore|x64
		AppStore|x86 = AppStore|x86
		Debug|Any CPU = Debug|Any CPU
		Debug|ARM = Debug|ARM
		Debug|iPhone = Debug|iPhone
		Debug|iPhoneSimulator = Debug|iPhoneSimulator
		Debug|x64 = Debug|x64
		Debug|x86 = Debug|x86
		Release|Any CPU = Release|Any CPU
		Release|ARM = Release|ARM
		Release|iPhone = Release|iPhone
		Release|iPhoneSimulator = Release|iPhoneSimulator
		Release|x64 = Release|x64
		Release|x86 = Release|x86
	EndGlobalSection
	GlobalSection(ProjectConfigurationPlatforms) = postSolution
		{A20E3C7E-D4C7-4343-8584-5FA165649571}.Ad-Hoc|Any CPU.ActiveCfg = Release|Any CPU
		{A20E3C7E-D4C7-4343-8584-5FA165649571}.Ad-Hoc|Any CPU.Build.0 = Release|Any CPU
		{A20E3C7E-D4C7-4343-8584-5FA165649571}.Ad-Hoc|Any CPU.Deploy.0 = Release|Any CPU
		{A20E3C7E-D4C7-4343-8584-5FA165649571}.Ad-Hoc|ARM.ActiveCfg = Release|Any CPU
		{A20E3C7E-D4C7-4343-8584-5FA165649571}.Ad-Hoc|ARM.Build.0 = Release|Any CPU
		{A20E3C7E-D4C7-4343-8584-5FA165649571}.Ad-Hoc|ARM.Deploy.0 = Release|Any CPU
		{A20E3C7E-D4C7-4343-8584-5FA165649571}.Ad-Hoc|iPhone.ActiveCfg = Release|Any CPU
		{A20E3C7E-D4C7-4343-8584-5FA165649571}.Ad-Hoc|iPhone.Build.0 = Release|Any CPU
		{A20E3C7E-D4C7-4343-8584-5FA165649571}.Ad-Hoc|iPhone.Deploy.0 = Release|Any CPU
		{A20E3C7E-D4C7-4343-8584-5FA165649571}.Ad-Hoc|iPhoneSimulator.ActiveCfg = Release|Any CPU
		{A20E3C7E-D4C7-4343-8584-5FA165649571}.Ad-Hoc|iPhoneSimulator.Build.0 = Release|Any CPU
		{A20E3C7E-D4C7-4343-8584-5FA165649571}.Ad-Hoc|iPhoneSimulator.Deploy.0 = Release|Any CPU
		{A20E3C7E-D4C7-4343-8584-5FA165649571}.Ad-Hoc|x64.ActiveCfg = Release|Any CPU
		{A20E3C7E-D4C7-4343-8584-5FA165649571}.Ad-Hoc|x64.Build.0 = Release|Any CPU
		{A20E3C7E-D4C7-4343-8584-5FA165649571}.Ad-Hoc|x64.Deploy.0 = Release|Any CPU
		{A20E3C7E-D4C7-4343-8584-5FA165649571}.Ad-Hoc|x86.ActiveCfg = Release|Any CPU
		{A20E3C7E-D4C7-4343-8584-5FA165649571}.Ad-Hoc|x86.Build.0 = Release|Any CPU
		{A20E3C7E-D4C7-4343-8584-5FA165649571}.Ad-Hoc|x86.Deploy.0 = Release|Any CPU
		{A20E3C7E-D4C7-4343-8584-5FA165649571}.AppStore|Any CPU.ActiveCfg = Release|Any CPU
		{A20E3C7E-D4C7-4343-8584-5FA165649571}.AppStore|Any CPU.Build.0 = Release|Any CPU
		{A20E3C7E-D4C7-4343-8584-5FA165649571}.AppStore|Any CPU.Deploy.0 = Release|Any CPU
		{A20E3C7E-D4C7-4343-8584-5FA165649571}.AppStore|ARM.ActiveCfg = Release|Any CPU
		{A20E3C7E-D4C7-4343-8584-5FA165649571}.AppStore|ARM.Build.0 = Release|Any CPU
		{A20E3C7E-D4C7-4343-8584-5FA165649571}.AppStore|ARM.Deploy.0 = Release|Any CPU
		{A20E3C7E-D4C7-4343-8584-5FA165649571}.AppStore|iPhone.ActiveCfg = Release|Any CPU
		{A20E3C7E-D4C7-4343-8584-5FA165649571}.AppStore|iPhone.Build.0 = Release|Any CPU
		{A20E3C7E-D4C7-4343-8584-5FA165649571}.AppStore|iPhone.Deploy.0 = Release|Any CPU
		{A20E3C7E-D4C7-4343-8584-5FA165649571}.AppStore|iPhoneSimulator.ActiveCfg = Release|Any CPU
		{A20E3C7E-D4C7-4343-8584-5FA165649571}.AppStore|iPhoneSimulator.Build.0 = Release|Any CPU
		{A20E3C7E-D4C7-4343-8584-5FA165649571}.AppStore|iPhoneSimulator.Deploy.0 = Release|Any CPU
		{A20E3C7E-D4C7-4343-8584-5FA165649571}.AppStore|x64.ActiveCfg = Release|Any CPU
		{A20E3C7E-D4C7-4343-8584-5FA165649571}.AppStore|x64.Build.0 = Release|Any CPU
		{A20E3C7E-D4C7-4343-8584-5FA165649571}.AppStore|x64.Deploy.0 = Release|Any CPU
		{A20E3C7E-D4C7-4343-8584-5FA165649571}.AppStore|x86.ActiveCfg = Release|Any CPU
		{A20E3C7E-D4C7-4343-8584-5FA165649571}.AppStore|x86.Build.0 = Release|Any CPU
		{A20E3C7E-D4C7-4343-8584-5FA165649571}.AppStore|x86.Deploy.0 = Release|Any CPU
		{A20E3C7E-D4C7-4343-8584-5FA165649571}.Debug|Any CPU.ActiveCfg = Debug|Any CPU
		{A20E3C7E-D4C7-4343-8584-5FA165649571}.Debug|Any CPU.Build.0 = Debug|Any CPU
		{A20E3C7E-D4C7-4343-8584-5FA165649571}.Debug|Any CPU.Deploy.0 = Debug|Any CPU
		{A20E3C7E-D4C7-4343-8584-5FA165649571}.Debug|ARM.ActiveCfg = Debug|Any CPU
		{A20E3C7E-D4C7-4343-8584-5FA165649571}.Debug|ARM.Build.0 = Debug|Any CPU
		{A20E3C7E-D4C7-4343-8584-5FA165649571}.Debug|ARM.Deploy.0 = Debug|Any CPU
		{A20E3C7E-D4C7-4343-8584-5FA165649571}.Debug|iPhone.ActiveCfg = Debug|Any CPU
		{A20E3C7E-D4C7-4343-8584-5FA165649571}.Debug|iPhone.Build.0 = Debug|Any CPU
		{A20E3C7E-D4C7-4343-8584-5FA165649571}.Debug|iPhone.Deploy.0 = Debug|Any CPU
		{A20E3C7E-D4C7-4343-8584-5FA165649571}.Debug|iPhoneSimulator.ActiveCfg = Debug|Any CPU
		{A20E3C7E-D4C7-4343-8584-5FA165649571}.Debug|iPhoneSimulator.Build.0 = Debug|Any CPU
		{A20E3C7E-D4C7-4343-8584-5FA165649571}.Debug|iPhoneSimulator.Deploy.0 = Debug|Any CPU
		{A20E3C7E-D4C7-4343-8584-5FA165649571}.Debug|x64.ActiveCfg = Debug|Any CPU
		{A20E3C7E-D4C7-4343-8584-5FA165649571}.Debug|x64.Build.0 = Debug|Any CPU
		{A20E3C7E-D4C7-4343-8584-5FA165649571}.Debug|x64.Deploy.0 = Debug|Any CPU
		{A20E3C7E-D4C7-4343-8584-5FA165649571}.Debug|x86.ActiveCfg = Debug|Any CPU
		{A20E3C7E-D4C7-4343-8584-5FA165649571}.Debug|x86.Build.0 = Debug|Any CPU
		{A20E3C7E-D4C7-4343-8584-5FA165649571}.Debug|x86.Deploy.0 = Debug|Any CPU
		{A20E3C7E-D4C7-4343-8584-5FA165649571}.Release|Any CPU.ActiveCfg = Release|Any CPU
		{A20E3C7E-D4C7-4343-8584-5FA165649571}.Release|Any CPU.Build.0 = Release|Any CPU
		{A20E3C7E-D4C7-4343-8584-5FA165649571}.Release|Any CPU.Deploy.0 = Release|Any CPU
		{A20E3C7E-D4C7-4343-8584-5FA165649571}.Release|ARM.ActiveCfg = Release|Any CPU
		{A20E3C7E-D4C7-4343-8584-5FA165649571}.Release|ARM.Build.0 = Release|Any CPU
		{A20E3C7E-D4C7-4343-8584-5FA165649571}.Release|ARM.Deploy.0 = Release|Any CPU
		{A20E3C7E-D4C7-4343-8584-5FA165649571}.Release|iPhone.ActiveCfg = Release|Any CPU
		{A20E3C7E-D4C7-4343-8584-5FA165649571}.Release|iPhone.Build.0 = Release|Any CPU
		{A20E3C7E-D4C7-4343-8584-5FA165649571}.Release|iPhone.Deploy.0 = Release|Any CPU
		{A20E3C7E-D4C7-4343-8584-5FA165649571}.Release|iPhoneSimulator.ActiveCfg = Release|Any CPU
		{A20E3C7E-D4C7-4343-8584-5FA165649571}.Release|iPhoneSimulator.Build.0 = Release|Any CPU
		{A20E3C7E-D4C7-4343-8584-5FA165649571}.Release|iPhoneSimulator.Deploy.0 = Release|Any CPU
		{A20E3C7E-D4C7-4343-8584-5FA165649571}.Release|x64.ActiveCfg = Release|Any CPU
		{A20E3C7E-D4C7-4343-8584-5FA165649571}.Release|x64.Build.0 = Release|Any CPU
		{A20E3C7E-D4C7-4343-8584-5FA165649571}.Release|x64.Deploy.0 = Release|Any CPU
		{A20E3C7E-D4C7-4343-8584-5FA165649571}.Release|x86.ActiveCfg = Release|Any CPU
		{A20E3C7E-D4C7-4343-8584-5FA165649571}.Release|x86.Build.0 = Release|Any CPU
		{A20E3C7E-D4C7-4343-8584-5FA165649571}.Release|x86.Deploy.0 = Release|Any CPU
		{FDF487DF-137E-4FFA-8141-D785AEC8AD33}.Ad-Hoc|Any CPU.ActiveCfg = Release|Any CPU
		{FDF487DF-137E-4FFA-8141-D785AEC8AD33}.Ad-Hoc|Any CPU.Build.0 = Release|Any CPU
		{FDF487DF-137E-4FFA-8141-D785AEC8AD33}.Ad-Hoc|ARM.ActiveCfg = Release|Any CPU
		{FDF487DF-137E-4FFA-8141-D785AEC8AD33}.Ad-Hoc|ARM.Build.0 = Release|Any CPU
		{FDF487DF-137E-4FFA-8141-D785AEC8AD33}.Ad-Hoc|iPhone.ActiveCfg = Release|Any CPU
		{FDF487DF-137E-4FFA-8141-D785AEC8AD33}.Ad-Hoc|iPhone.Build.0 = Release|Any CPU
		{FDF487DF-137E-4FFA-8141-D785AEC8AD33}.Ad-Hoc|iPhoneSimulator.ActiveCfg = Release|Any CPU
		{FDF487DF-137E-4FFA-8141-D785AEC8AD33}.Ad-Hoc|iPhoneSimulator.Build.0 = Release|Any CPU
		{FDF487DF-137E-4FFA-8141-D785AEC8AD33}.Ad-Hoc|x64.ActiveCfg = Release|Any CPU
		{FDF487DF-137E-4FFA-8141-D785AEC8AD33}.Ad-Hoc|x64.Build.0 = Release|Any CPU
		{FDF487DF-137E-4FFA-8141-D785AEC8AD33}.Ad-Hoc|x86.ActiveCfg = Release|Any CPU
		{FDF487DF-137E-4FFA-8141-D785AEC8AD33}.Ad-Hoc|x86.Build.0 = Release|Any CPU
		{FDF487DF-137E-4FFA-8141-D785AEC8AD33}.AppStore|Any CPU.ActiveCfg = Release|Any CPU
		{FDF487DF-137E-4FFA-8141-D785AEC8AD33}.AppStore|Any CPU.Build.0 = Release|Any CPU
		{FDF487DF-137E-4FFA-8141-D785AEC8AD33}.AppStore|ARM.ActiveCfg = Release|Any CPU
		{FDF487DF-137E-4FFA-8141-D785AEC8AD33}.AppStore|ARM.Build.0 = Release|Any CPU
		{FDF487DF-137E-4FFA-8141-D785AEC8AD33}.AppStore|iPhone.ActiveCfg = Release|Any CPU
		{FDF487DF-137E-4FFA-8141-D785AEC8AD33}.AppStore|iPhone.Build.0 = Release|Any CPU
		{FDF487DF-137E-4FFA-8141-D785AEC8AD33}.AppStore|iPhoneSimulator.ActiveCfg = Release|Any CPU
		{FDF487DF-137E-4FFA-8141-D785AEC8AD33}.AppStore|iPhoneSimulator.Build.0 = Release|Any CPU
		{FDF487DF-137E-4FFA-8141-D785AEC8AD33}.AppStore|x64.ActiveCfg = Release|Any CPU
		{FDF487DF-137E-4FFA-8141-D785AEC8AD33}.AppStore|x64.Build.0 = Release|Any CPU
		{FDF487DF-137E-4FFA-8141-D785AEC8AD33}.AppStore|x86.ActiveCfg = Release|Any CPU
		{FDF487DF-137E-4FFA-8141-D785AEC8AD33}.AppStore|x86.Build.0 = Release|Any CPU
		{FDF487DF-137E-4FFA-8141-D785AEC8AD33}.Debug|Any CPU.ActiveCfg = Debug|Any CPU
		{FDF487DF-137E-4FFA-8141-D785AEC8AD33}.Debug|Any CPU.Build.0 = Debug|Any CPU
		{FDF487DF-137E-4FFA-8141-D785AEC8AD33}.Debug|ARM.ActiveCfg = Debug|Any CPU
		{FDF487DF-137E-4FFA-8141-D785AEC8AD33}.Debug|ARM.Build.0 = Debug|Any CPU
		{FDF487DF-137E-4FFA-8141-D785AEC8AD33}.Debug|iPhone.ActiveCfg = Debug|Any CPU
		{FDF487DF-137E-4FFA-8141-D785AEC8AD33}.Debug|iPhone.Build.0 = Debug|Any CPU
		{FDF487DF-137E-4FFA-8141-D785AEC8AD33}.Debug|iPhoneSimulator.ActiveCfg = Debug|Any CPU
		{FDF487DF-137E-4FFA-8141-D785AEC8AD33}.Debug|iPhoneSimulator.Build.0 = Debug|Any CPU
		{FDF487DF-137E-4FFA-8141-D785AEC8AD33}.Debug|x64.ActiveCfg = Debug|Any CPU
		{FDF487DF-137E-4FFA-8141-D785AEC8AD33}.Debug|x64.Build.0 = Debug|Any CPU
		{FDF487DF-137E-4FFA-8141-D785AEC8AD33}.Debug|x86.ActiveCfg = Debug|Any CPU
		{FDF487DF-137E-4FFA-8141-D785AEC8AD33}.Debug|x86.Build.0 = Debug|Any CPU
		{FDF487DF-137E-4FFA-8141-D785AEC8AD33}.Release|Any CPU.ActiveCfg = Release|Any CPU
		{FDF487DF-137E-4FFA-8141-D785AEC8AD33}.Release|Any CPU.Build.0 = Release|Any CPU
		{FDF487DF-137E-4FFA-8141-D785AEC8AD33}.Release|ARM.ActiveCfg = Release|Any CPU
		{FDF487DF-137E-4FFA-8141-D785AEC8AD33}.Release|ARM.Build.0 = Release|Any CPU
		{FDF487DF-137E-4FFA-8141-D785AEC8AD33}.Release|iPhone.ActiveCfg = Release|Any CPU
		{FDF487DF-137E-4FFA-8141-D785AEC8AD33}.Release|iPhone.Build.0 = Release|Any CPU
		{FDF487DF-137E-4FFA-8141-D785AEC8AD33}.Release|iPhoneSimulator.ActiveCfg = Release|Any CPU
		{FDF487DF-137E-4FFA-8141-D785AEC8AD33}.Release|iPhoneSimulator.Build.0 = Release|Any CPU
		{FDF487DF-137E-4FFA-8141-D785AEC8AD33}.Release|x64.ActiveCfg = Release|Any CPU
		{FDF487DF-137E-4FFA-8141-D785AEC8AD33}.Release|x64.Build.0 = Release|Any CPU
		{FDF487DF-137E-4FFA-8141-D785AEC8AD33}.Release|x86.ActiveCfg = Release|Any CPU
		{FDF487DF-137E-4FFA-8141-D785AEC8AD33}.Release|x86.Build.0 = Release|Any CPU
		{17B5928A-8100-40EE-81A9-00D42BF51DA9}.Ad-Hoc|Any CPU.ActiveCfg = Release|x86
		{17B5928A-8100-40EE-81A9-00D42BF51DA9}.Ad-Hoc|Any CPU.Build.0 = Release|x86
		{17B5928A-8100-40EE-81A9-00D42BF51DA9}.Ad-Hoc|Any CPU.Deploy.0 = Release|x86
		{17B5928A-8100-40EE-81A9-00D42BF51DA9}.Ad-Hoc|ARM.ActiveCfg = Release|ARM
		{17B5928A-8100-40EE-81A9-00D42BF51DA9}.Ad-Hoc|ARM.Build.0 = Release|ARM
		{17B5928A-8100-40EE-81A9-00D42BF51DA9}.Ad-Hoc|ARM.Deploy.0 = Release|ARM
		{17B5928A-8100-40EE-81A9-00D42BF51DA9}.Ad-Hoc|iPhone.ActiveCfg = Release|x86
		{17B5928A-8100-40EE-81A9-00D42BF51DA9}.Ad-Hoc|iPhone.Build.0 = Release|x86
		{17B5928A-8100-40EE-81A9-00D42BF51DA9}.Ad-Hoc|iPhone.Deploy.0 = Release|x86
		{17B5928A-8100-40EE-81A9-00D42BF51DA9}.Ad-Hoc|iPhoneSimulator.ActiveCfg = Release|x86
		{17B5928A-8100-40EE-81A9-00D42BF51DA9}.Ad-Hoc|iPhoneSimulator.Build.0 = Release|x86
		{17B5928A-8100-40EE-81A9-00D42BF51DA9}.Ad-Hoc|iPhoneSimulator.Deploy.0 = Release|x86
		{17B5928A-8100-40EE-81A9-00D42BF51DA9}.Ad-Hoc|x64.ActiveCfg = Release|x64
		{17B5928A-8100-40EE-81A9-00D42BF51DA9}.Ad-Hoc|x64.Build.0 = Release|x64
		{17B5928A-8100-40EE-81A9-00D42BF51DA9}.Ad-Hoc|x64.Deploy.0 = Release|x64
		{17B5928A-8100-40EE-81A9-00D42BF51DA9}.Ad-Hoc|x86.ActiveCfg = Release|x86
		{17B5928A-8100-40EE-81A9-00D42BF51DA9}.Ad-Hoc|x86.Build.0 = Release|x86
		{17B5928A-8100-40EE-81A9-00D42BF51DA9}.Ad-Hoc|x86.Deploy.0 = Release|x86
		{17B5928A-8100-40EE-81A9-00D42BF51DA9}.AppStore|Any CPU.ActiveCfg = Release|x86
		{17B5928A-8100-40EE-81A9-00D42BF51DA9}.AppStore|Any CPU.Build.0 = Release|x86
		{17B5928A-8100-40EE-81A9-00D42BF51DA9}.AppStore|Any CPU.Deploy.0 = Release|x86
		{17B5928A-8100-40EE-81A9-00D42BF51DA9}.AppStore|ARM.ActiveCfg = Release|ARM
		{17B5928A-8100-40EE-81A9-00D42BF51DA9}.AppStore|ARM.Build.0 = Release|ARM
		{17B5928A-8100-40EE-81A9-00D42BF51DA9}.AppStore|ARM.Deploy.0 = Release|ARM
		{17B5928A-8100-40EE-81A9-00D42BF51DA9}.AppStore|iPhone.ActiveCfg = Release|x86
		{17B5928A-8100-40EE-81A9-00D42BF51DA9}.AppStore|iPhone.Build.0 = Release|x86
		{17B5928A-8100-40EE-81A9-00D42BF51DA9}.AppStore|iPhone.Deploy.0 = Release|x86
		{17B5928A-8100-40EE-81A9-00D42BF51DA9}.AppStore|iPhoneSimulator.ActiveCfg = Release|x86
		{17B5928A-8100-40EE-81A9-00D42BF51DA9}.AppStore|iPhoneSimulator.Build.0 = Release|x86
		{17B5928A-8100-40EE-81A9-00D42BF51DA9}.AppStore|iPhoneSimulator.Deploy.0 = Release|x86
		{17B5928A-8100-40EE-81A9-00D42BF51DA9}.AppStore|x64.ActiveCfg = Release|x64
		{17B5928A-8100-40EE-81A9-00D42BF51DA9}.AppStore|x64.Build.0 = Release|x64
		{17B5928A-8100-40EE-81A9-00D42BF51DA9}.AppStore|x64.Deploy.0 = Release|x64
		{17B5928A-8100-40EE-81A9-00D42BF51DA9}.AppStore|x86.ActiveCfg = Release|x86
		{17B5928A-8100-40EE-81A9-00D42BF51DA9}.AppStore|x86.Build.0 = Release|x86
		{17B5928A-8100-40EE-81A9-00D42BF51DA9}.AppStore|x86.Deploy.0 = Release|x86
		{17B5928A-8100-40EE-81A9-00D42BF51DA9}.Debug|Any CPU.ActiveCfg = Debug|x86
		{17B5928A-8100-40EE-81A9-00D42BF51DA9}.Debug|ARM.ActiveCfg = Debug|ARM
		{17B5928A-8100-40EE-81A9-00D42BF51DA9}.Debug|ARM.Build.0 = Debug|ARM
		{17B5928A-8100-40EE-81A9-00D42BF51DA9}.Debug|ARM.Deploy.0 = Debug|ARM
		{17B5928A-8100-40EE-81A9-00D42BF51DA9}.Debug|iPhone.ActiveCfg = Debug|x86
		{17B5928A-8100-40EE-81A9-00D42BF51DA9}.Debug|iPhoneSimulator.ActiveCfg = Debug|x86
		{17B5928A-8100-40EE-81A9-00D42BF51DA9}.Debug|x64.ActiveCfg = Debug|x64
		{17B5928A-8100-40EE-81A9-00D42BF51DA9}.Debug|x64.Build.0 = Debug|x64
		{17B5928A-8100-40EE-81A9-00D42BF51DA9}.Debug|x64.Deploy.0 = Debug|x64
		{17B5928A-8100-40EE-81A9-00D42BF51DA9}.Debug|x86.ActiveCfg = Debug|x86
		{17B5928A-8100-40EE-81A9-00D42BF51DA9}.Debug|x86.Build.0 = Debug|x86
		{17B5928A-8100-40EE-81A9-00D42BF51DA9}.Debug|x86.Deploy.0 = Debug|x86
		{17B5928A-8100-40EE-81A9-00D42BF51DA9}.Release|Any CPU.ActiveCfg = Release|x86
		{17B5928A-8100-40EE-81A9-00D42BF51DA9}.Release|ARM.ActiveCfg = Release|ARM
		{17B5928A-8100-40EE-81A9-00D42BF51DA9}.Release|ARM.Build.0 = Release|ARM
		{17B5928A-8100-40EE-81A9-00D42BF51DA9}.Release|ARM.Deploy.0 = Release|ARM
		{17B5928A-8100-40EE-81A9-00D42BF51DA9}.Release|iPhone.ActiveCfg = Release|x86
		{17B5928A-8100-40EE-81A9-00D42BF51DA9}.Release|iPhoneSimulator.ActiveCfg = Release|x86
		{17B5928A-8100-40EE-81A9-00D42BF51DA9}.Release|x64.ActiveCfg = Release|x64
		{17B5928A-8100-40EE-81A9-00D42BF51DA9}.Release|x64.Build.0 = Release|x64
		{17B5928A-8100-40EE-81A9-00D42BF51DA9}.Release|x64.Deploy.0 = Release|x64
		{17B5928A-8100-40EE-81A9-00D42BF51DA9}.Release|x86.ActiveCfg = Release|x86
		{17B5928A-8100-40EE-81A9-00D42BF51DA9}.Release|x86.Build.0 = Release|x86
		{17B5928A-8100-40EE-81A9-00D42BF51DA9}.Release|x86.Deploy.0 = Release|x86
		{1E6B911F-2D4F-4701-9C02-CDEF36B07260}.Ad-Hoc|Any CPU.ActiveCfg = Ad-Hoc|iPhone
		{1E6B911F-2D4F-4701-9C02-CDEF36B07260}.Ad-Hoc|ARM.ActiveCfg = Ad-Hoc|iPhone
		{1E6B911F-2D4F-4701-9C02-CDEF36B07260}.Ad-Hoc|iPhone.ActiveCfg = Ad-Hoc|iPhone
		{1E6B911F-2D4F-4701-9C02-CDEF36B07260}.Ad-Hoc|iPhone.Build.0 = Ad-Hoc|iPhone
		{1E6B911F-2D4F-4701-9C02-CDEF36B07260}.Ad-Hoc|iPhoneSimulator.ActiveCfg = Ad-Hoc|iPhoneSimulator
		{1E6B911F-2D4F-4701-9C02-CDEF36B07260}.Ad-Hoc|iPhoneSimulator.Build.0 = Ad-Hoc|iPhoneSimulator
		{1E6B911F-2D4F-4701-9C02-CDEF36B07260}.Ad-Hoc|x64.ActiveCfg = Ad-Hoc|iPhone
		{1E6B911F-2D4F-4701-9C02-CDEF36B07260}.Ad-Hoc|x86.ActiveCfg = Ad-Hoc|iPhone
		{1E6B911F-2D4F-4701-9C02-CDEF36B07260}.AppStore|Any CPU.ActiveCfg = AppStore|iPhone
		{1E6B911F-2D4F-4701-9C02-CDEF36B07260}.AppStore|ARM.ActiveCfg = AppStore|iPhone
		{1E6B911F-2D4F-4701-9C02-CDEF36B07260}.AppStore|iPhone.ActiveCfg = AppStore|iPhone
		{1E6B911F-2D4F-4701-9C02-CDEF36B07260}.AppStore|iPhone.Build.0 = AppStore|iPhone
		{1E6B911F-2D4F-4701-9C02-CDEF36B07260}.AppStore|iPhoneSimulator.ActiveCfg = AppStore|iPhoneSimulator
		{1E6B911F-2D4F-4701-9C02-CDEF36B07260}.AppStore|iPhoneSimulator.Build.0 = AppStore|iPhoneSimulator
		{1E6B911F-2D4F-4701-9C02-CDEF36B07260}.AppStore|x64.ActiveCfg = AppStore|iPhone
		{1E6B911F-2D4F-4701-9C02-CDEF36B07260}.AppStore|x86.ActiveCfg = AppStore|iPhone
		{1E6B911F-2D4F-4701-9C02-CDEF36B07260}.Debug|Any CPU.ActiveCfg = Debug|iPhone
		{1E6B911F-2D4F-4701-9C02-CDEF36B07260}.Debug|ARM.ActiveCfg = Debug|iPhone
		{1E6B911F-2D4F-4701-9C02-CDEF36B07260}.Debug|iPhone.ActiveCfg = Debug|iPhone
		{1E6B911F-2D4F-4701-9C02-CDEF36B07260}.Debug|iPhone.Build.0 = Debug|iPhone
		{1E6B911F-2D4F-4701-9C02-CDEF36B07260}.Debug|iPhoneSimulator.ActiveCfg = Debug|iPhoneSimulator
		{1E6B911F-2D4F-4701-9C02-CDEF36B07260}.Debug|iPhoneSimulator.Build.0 = Debug|iPhoneSimulator
		{1E6B911F-2D4F-4701-9C02-CDEF36B07260}.Debug|x64.ActiveCfg = Debug|iPhone
		{1E6B911F-2D4F-4701-9C02-CDEF36B07260}.Debug|x86.ActiveCfg = Debug|iPhone
		{1E6B911F-2D4F-4701-9C02-CDEF36B07260}.Release|Any CPU.ActiveCfg = Release|iPhone
		{1E6B911F-2D4F-4701-9C02-CDEF36B07260}.Release|ARM.ActiveCfg = Release|iPhone
		{1E6B911F-2D4F-4701-9C02-CDEF36B07260}.Release|iPhone.ActiveCfg = Release|iPhone
		{1E6B911F-2D4F-4701-9C02-CDEF36B07260}.Release|iPhone.Build.0 = Release|iPhone
		{1E6B911F-2D4F-4701-9C02-CDEF36B07260}.Release|iPhoneSimulator.ActiveCfg = Release|iPhoneSimulator
		{1E6B911F-2D4F-4701-9C02-CDEF36B07260}.Release|iPhoneSimulator.Build.0 = Release|iPhoneSimulator
		{1E6B911F-2D4F-4701-9C02-CDEF36B07260}.Release|x64.ActiveCfg = Release|iPhone
		{1E6B911F-2D4F-4701-9C02-CDEF36B07260}.Release|x86.ActiveCfg = Release|iPhone
	EndGlobalSection
	GlobalSection(SolutionProperties) = preSolution
		HideSolutionNode = FALSE
	EndGlobalSection
EndGlobal
